
Microsoft Visual Studio Solution File, Format Version 12.00
# Visual Studio Version 17
VisualStudioVersion = 17.2.32616.157
MinimumVisualStudioVersion = 10.0.40219.1
Project("{FAE04EC0-301F-11D3-BF4B-00C04F79EFBC}") = "Principal", "Principal\Principal.csproj", "{D9D58CCB-C7A5-45E4-B169-20074F054BFB}"
EndProject
Project("{FAE04EC0-301F-11D3-BF4B-00C04F79EFBC}") = "Datos", "Datos\Datos.csproj", "{BC085411-B4E3-41D7-9F78-50A66B69ED40}"
EndProject
Global
	GlobalSection(SolutionConfigurationPlatforms) = preSolution
		Debug|Any CPU = Debug|Any CPU
		Release|Any CPU = Release|Any CPU
	EndGlobalSection
	GlobalSection(ProjectConfigurationPlatforms) = postSolution
		{D9D58CCB-C7A5-45E4-B169-20074F054BFB}.Debug|Any CPU.ActiveCfg = Debug|Any CPU
		{D9D58CCB-C7A5-45E4-B169-20074F054BFB}.Debug|Any CPU.Build.0 = Debug|Any CPU
		{D9D58CCB-C7A5-45E4-B169-20074F054BFB}.Release|Any CPU.ActiveCfg = Release|Any CPU
		{D9D58CCB-C7A5-45E4-B169-20074F054BFB}.Release|Any CPU.Build.0 = Release|Any CPU
		{BC085411-B4E3-41D7-9F78-50A66B69ED40}.Debug|Any CPU.ActiveCfg = Debug|Any CPU
		{BC085411-B4E3-41D7-9F78-50A66B69ED40}.Debug|Any CPU.Build.0 = Debug|Any CPU
		{BC085411-B4E3-41D7-9F78-50A66B69ED40}.Release|Any CPU.ActiveCfg = Release|Any CPU
		{BC085411-B4E3-41D7-9F78-50A66B69ED40}.Release|Any CPU.Build.0 = Release|Any CPU
	EndGlobalSection
	GlobalSection(SolutionProperties) = preSolution
		HideSolutionNode = FALSE
	EndGlobalSection
	GlobalSection(ExtensibilityGlobals) = postSolution
		SolutionGuid = {0237F0D4-C3A9-4E98-B726-890561E3D653}
	EndGlobalSection
EndGlobal
